// !$*UTF8*$!
{
	archiveVersion = 1;
	classes = {
	};
	objectVersion = 46;
	objects = {

/* Begin PBXBuildFile section */
		D909F0291AC8F42C004031F5 /* main.m in Sources */ = {isa = PBXBuildFile; fileRef = D909F0281AC8F42C004031F5 /* main.m */; };
		D909F02C1AC8F42C004031F5 /* AppDelegate.m in Sources */ = {isa = PBXBuildFile; fileRef = D909F02B1AC8F42C004031F5 /* AppDelegate.m */; };
		D909F02F1AC8F42C004031F5 /* ViewController.m in Sources */ = {isa = PBXBuildFile; fileRef = D909F02E1AC8F42C004031F5 /* ViewController.m */; };
		D909F0321AC8F42C004031F5 /* Main.storyboard in Resources */ = {isa = PBXBuildFile; fileRef = D909F0301AC8F42C004031F5 /* Main.storyboard */; };
		D909F0341AC8F42C004031F5 /* Images.xcassets in Resources */ = {isa = PBXBuildFile; fileRef = D909F0331AC8F42C004031F5 /* Images.xcassets */; };
		D909F0371AC8F42C004031F5 /* LaunchScreen.xib in Resources */ = {isa = PBXBuildFile; fileRef = D909F0351AC8F42C004031F5 /* LaunchScreen.xib */; };
		D909F0431AC8F42C004031F5 /* cameraTests.m in Sources */ = {isa = PBXBuildFile; fileRef = D909F0421AC8F42C004031F5 /* cameraTests.m */; };
		D909F04E1AC8F683004031F5 /* user@2x.jpg in Resources */ = {isa = PBXBuildFile; fileRef = D909F04D1AC8F683004031F5 /* user@2x.jpg */; };
		D909F05A1AC8FF36004031F5 /* Localizable.strings in Resources */ = {isa = PBXBuildFile; fileRef = D909F05C1AC8FF36004031F5 /* Localizable.strings */; };
/* End PBXBuildFile section */

/* Begin PBXContainerItemProxy section */
		D909F03D1AC8F42C004031F5 /* PBXContainerItemProxy */ = {
			isa = PBXContainerItemProxy;
			containerPortal = D909F01B1AC8F42B004031F5 /* Project object */;
			proxyType = 1;
			remoteGlobalIDString = D909F0221AC8F42B004031F5;
			remoteInfo = camera;
		};
/* End PBXContainerItemProxy section */

/* Begin PBXFileReference section */
		D909F0231AC8F42B004031F5 /* camera.app */ = {isa = PBXFileReference; explicitFileType = wrapper.application; includeInIndex = 0; path = camera.app; sourceTree = BUILT_PRODUCTS_DIR; };
		D909F0271AC8F42C004031F5 /* Info.plist */ = {isa = PBXFileReference; lastKnownFileType = text.plist.xml; path = Info.plist; sourceTree = "<group>"; };
		D909F0281AC8F42C004031F5 /* main.m */ = {isa = PBXFileReference; lastKnownFileType = sourcecode.c.objc; path = main.m; sourceTree = "<group>"; };
		D909F02A1AC8F42C004031F5 /* AppDelegate.h */ = {isa = PBXFileReference; lastKnownFileType = sourcecode.c.h; path = AppDelegate.h; sourceTree = "<group>"; };
		D909F02B1AC8F42C004031F5 /* AppDelegate.m */ = {isa = PBXFileReference; lastKnownFileType = sourcecode.c.objc; path = AppDelegate.m; sourceTree = "<group>"; };
		D909F02D1AC8F42C004031F5 /* ViewController.h */ = {isa = PBXFileReference; lastKnownFileType = sourcecode.c.h; path = ViewController.h; sourceTree = "<group>"; };
		D909F02E1AC8F42C004031F5 /* ViewController.m */ = {isa = PBXFileReference; lastKnownFileType = sourcecode.c.objc; path = ViewController.m; sourceTree = "<group>"; };
		D909F0311AC8F42C004031F5 /* Base */ = {isa = PBXFileReference; lastKnownFileType = file.storyboard; name = Base; path = Base.lproj/Main.storyboard; sourceTree = "<group>"; };
		D909F0331AC8F42C004031F5 /* Images.xcassets */ = {isa = PBXFileReference; lastKnownFileType = folder.assetcatalog; path = Images.xcassets; sourceTree = "<group>"; };
		D909F0361AC8F42C004031F5 /* Base */ = {isa = PBXFileReference; lastKnownFileType = file.xib; name = Base; path = Base.lproj/LaunchScreen.xib; sourceTree = "<group>"; };
		D909F03C1AC8F42C004031F5 /* cameraTests.xctest */ = {isa = PBXFileReference; explicitFileType = wrapper.cfbundle; includeInIndex = 0; path = cameraTests.xctest; sourceTree = BUILT_PRODUCTS_DIR; };
		D909F0411AC8F42C004031F5 /* Info.plist */ = {isa = PBXFileReference; lastKnownFileType = text.plist.xml; path = Info.plist; sourceTree = "<group>"; };
		D909F0421AC8F42C004031F5 /* cameraTests.m */ = {isa = PBXFileReference; lastKnownFileType = sourcecode.c.objc; path = cameraTests.m; sourceTree = "<group>"; };
		D909F04D1AC8F683004031F5 /* user@2x.jpg */ = {isa = PBXFileReference; lastKnownFileType = image.jpeg; path = "user@2x.jpg"; sourceTree = "<group>"; };
		D909F0581AC8FEEC004031F5 /* zh-Hans */ = {isa = PBXFileReference; lastKnownFileType = text.plist.strings; name = "zh-Hans"; path = "zh-Hans.lproj/Main.strings"; sourceTree = "<group>"; };
		D909F0591AC8FEEC004031F5 /* zh-Hans */ = {isa = PBXFileReference; lastKnownFileType = text.plist.strings; name = "zh-Hans"; path = "zh-Hans.lproj/LaunchScreen.strings"; sourceTree = "<group>"; };
		D909F05B1AC8FF36004031F5 /* en */ = {isa = PBXFileReference; lastKnownFileType = text.plist.strings; name = en; path = en.lproj/Localizable.strings; sourceTree = "<group>"; };
		D909F05D1AC8FF3A004031F5 /* zh-Hans */ = {isa = PBXFileReference; lastKnownFileType = text.plist.strings; name = "zh-Hans"; path = "zh-Hans.lproj/Localizable.strings"; sourceTree = "<group>"; };
/* End PBXFileReference section */

/* Begin PBXFrameworksBuildPhase section */
		D909F0201AC8F42B004031F5 /* Frameworks */ = {
			isa = PBXFrameworksBuildPhase;
			buildActionMask = 2147483647;
			files = (
			);
			runOnlyForDeploymentPostprocessing = 0;
		};
		D909F0391AC8F42C004031F5 /* Frameworks */ = {
			isa = PBXFrameworksBuildPhase;
			buildActionMask = 2147483647;
			files = (
			);
			runOnlyForDeploymentPostprocessing = 0;
		};
/* End PBXFrameworksBuildPhase section */

/* Begin PBXGroup section */
		D909F01A1AC8F42B004031F5 = {
			isa = PBXGroup;
			children = (
				D909F0251AC8F42C004031F5 /* camera */,
				D909F03F1AC8F42C004031F5 /* cameraTests */,
				D909F0241AC8F42B004031F5 /* Products */,
			);
			sourceTree = "<group>";
		};
		D909F0241AC8F42B004031F5 /* Products */ = {
			isa = PBXGroup;
			children = (
				D909F0231AC8F42B004031F5 /* camera.app */,
				D909F03C1AC8F42C004031F5 /* cameraTests.xctest */,
			);
			name = Products;
			sourceTree = "<group>";
		};
		D909F0251AC8F42C004031F5 /* camera */ = {
			isa = PBXGroup;
			children = (
				D909F02A1AC8F42C004031F5 /* AppDelegate.h */,
				D909F02B1AC8F42C004031F5 /* AppDelegate.m */,
				D909F02D1AC8F42C004031F5 /* ViewController.h */,
				D909F02E1AC8F42C004031F5 /* ViewController.m */,
				D909F0301AC8F42C004031F5 /* Main.storyboard */,
				D909F0331AC8F42C004031F5 /* Images.xcassets */,
				D909F0351AC8F42C004031F5 /* LaunchScreen.xib */,
				D909F0261AC8F42C004031F5 /* Supporting Files */,
			);
			path = camera;
			sourceTree = "<group>";
		};
		D909F0261AC8F42C004031F5 /* Supporting Files */ = {
			isa = PBXGroup;
			children = (
				D909F04C1AC8F667004031F5 /* userImage */,
				D909F0271AC8F42C004031F5 /* Info.plist */,
				D909F0281AC8F42C004031F5 /* main.m */,
				D909F05C1AC8FF36004031F5 /* Localizable.strings */,
			);
			name = "Supporting Files";
			sourceTree = "<group>";
		};
		D909F03F1AC8F42C004031F5 /* cameraTests */ = {
			isa = PBXGroup;
			children = (
				D909F0421AC8F42C004031F5 /* cameraTests.m */,
				D909F0401AC8F42C004031F5 /* Supporting Files */,
			);
			path = cameraTests;
			sourceTree = "<group>";
		};
		D909F0401AC8F42C004031F5 /* Supporting Files */ = {
			isa = PBXGroup;
			children = (
				D909F0411AC8F42C004031F5 /* Info.plist */,
			);
			name = "Supporting Files";
			sourceTree = "<group>";
		};
		D909F04C1AC8F667004031F5 /* userImage */ = {
			isa = PBXGroup;
			children = (
				D909F04D1AC8F683004031F5 /* user@2x.jpg */,
			);
			name = userImage;
			sourceTree = "<group>";
		};
/* End PBXGroup section */

/* Begin PBXNativeTarget section */
		D909F0221AC8F42B004031F5 /* camera */ = {
			isa = PBXNativeTarget;
			buildConfigurationList = D909F0461AC8F42C004031F5 /* Build configuration list for PBXNativeTarget "camera" */;
			buildPhases = (
				D909F01F1AC8F42B004031F5 /* Sources */,
				D909F0201AC8F42B004031F5 /* Frameworks */,
				D909F0211AC8F42B004031F5 /* Resources */,
			);
			buildRules = (
			);
			dependencies = (
			);
			name = camera;
			productName = camera;
			productReference = D909F0231AC8F42B004031F5 /* camera.app */;
			productType = "com.apple.product-type.application";
		};
		D909F03B1AC8F42C004031F5 /* cameraTests */ = {
			isa = PBXNativeTarget;
			buildConfigurationList = D909F0491AC8F42C004031F5 /* Build configuration list for PBXNativeTarget "cameraTests" */;
			buildPhases = (
				D909F0381AC8F42C004031F5 /* Sources */,
				D909F0391AC8F42C004031F5 /* Frameworks */,
				D909F03A1AC8F42C004031F5 /* Resources */,
			);
			buildRules = (
			);
			dependencies = (
				D909F03E1AC8F42C004031F5 /* PBXTargetDependency */,
			);
			name = cameraTests;
			productName = cameraTests;
			productReference = D909F03C1AC8F42C004031F5 /* cameraTests.xctest */;
			productType = "com.apple.product-type.bundle.unit-test";
		};
/* End PBXNativeTarget section */

/* Begin PBXProject section */
		D909F01B1AC8F42B004031F5 /* Project object */ = {
			isa = PBXProject;
			attributes = {
				LastUpgradeCheck = 0610;
				ORGANIZATIONNAME = cheng;
				TargetAttributes = {
					D909F0221AC8F42B004031F5 = {
						CreatedOnToolsVersion = 6.1.1;
					};
					D909F03B1AC8F42C004031F5 = {
						CreatedOnToolsVersion = 6.1.1;
						TestTargetID = D909F0221AC8F42B004031F5;
					};
				};
			};
			buildConfigurationList = D909F01E1AC8F42B004031F5 /* Build configuration list for PBXProject "camera" */;
			compatibilityVersion = "Xcode 3.2";
			developmentRegion = English;
			hasScannedForEncodings = 0;
			knownRegions = (
				en,
				Base,
				"zh-Hans",
			);
			mainGroup = D909F01A1AC8F42B004031F5;
			productRefGroup = D909F0241AC8F42B004031F5 /* Products */;
			projectDirPath = "";
			projectRoot = "";
			targets = (
				D909F0221AC8F42B004031F5 /* camera */,
				D909F03B1AC8F42C004031F5 /* cameraTests */,
			);
		};
/* End PBXProject section */

/* Begin PBXResourcesBuildPhase section */
		D909F0211AC8F42B004031F5 /* Resources */ = {
			isa = PBXResourcesBuildPhase;
			buildActionMask = 2147483647;
			files = (
				D909F05A1AC8FF36004031F5 /* Localizable.strings in Resources */,
				D909F0321AC8F42C004031F5 /* Main.storyboard in Resources */,
				D909F0371AC8F42C004031F5 /* LaunchScreen.xib in Resources */,
				D909F0341AC8F42C004031F5 /* Images.xcassets in Resources */,
				D909F04E1AC8F683004031F5 /* user@2x.jpg in Resources */,
			);
			runOnlyForDeploymentPostprocessing = 0;
		};
		D909F03A1AC8F42C004031F5 /* Resources */ = {
			isa = PBXResourcesBuildPhase;
			buildActionMask = 2147483647;
			files = (
			);
			runOnlyForDeploymentPostprocessing = 0;
		};
/* End PBXResourcesBuildPhase section */

/* Begin PBXSourcesBuildPhase section */
		D909F01F1AC8F42B004031F5 /* Sources */ = {
			isa = PBXSourcesBuildPhase;
			buildActionMask = 2147483647;
			files = (
				D909F02F1AC8F42C004031F5 /* ViewController.m in Sources */,
				D909F02C1AC8F42C004031F5 /* AppDelegate.m in Sources */,
				D909F0291AC8F42C004031F5 /* main.m in Sources */,
			);
			runOnlyForDeploymentPostprocessing = 0;
		};
		D909F0381AC8F42C004031F5 /* Sources */ = {
			isa = PBXSourcesBuildPhase;
			buildActionMask = 2147483647;
			files = (
				D909F0431AC8F42C004031F5 /* cameraTests.m in Sources */,
			);
			runOnlyForDeploymentPostprocessing = 0;
		};
/* End PBXSourcesBuildPhase section */

/* Begin PBXTargetDependency section */
		D909F03E1AC8F42C004031F5 /* PBXTargetDependency */ = {
			isa = PBXTargetDependency;
			target = D909F0221AC8F42B004031F5 /* camera */;
			targetProxy = D909F03D1AC8F42C004031F5 /* PBXContainerItemProxy */;
		};
/* End PBXTargetDependency section */

/* Begin PBXVariantGroup section */
		D909F0301AC8F42C004031F5 /* Main.storyboard */ = {
			isa = PBXVariantGroup;
			children = (
				D909F0311AC8F42C004031F5 /* Base */,
				D909F0581AC8FEEC004031F5 /* zh-Hans */,
			);
			name = Main.storyboard;
			sourceTree = "<group>";
		};
		D909F0351AC8F42C004031F5 /* LaunchScreen.xib */ = {
			isa = PBXVariantGroup;
			children = (
				D909F0361AC8F42C004031F5 /* Base */,
				D909F0591AC8FEEC004031F5 /* zh-Hans */,
			);
			name = LaunchScreen.xib;
			sourceTree = "<group>";
		};
		D909F05C1AC8FF36004031F5 /* Localizable.strings */ = {
			isa = PBXVariantGroup;
			children = (
				D909F05B1AC8FF36004031F5 /* en */,
				D909F05D1AC8FF3A004031F5 /* zh-Hans */,
			);
			name = Localizable.strings;
			sourceTree = "<group>";
		};
/* End PBXVariantGroup section */

/* Begin XCBuildConfiguration section */
		D909F0441AC8F42C004031F5 /* Debug */ = {
			isa = XCBuildConfiguration;
			buildSettings = {
				ALWAYS_SEARCH_USER_PATHS = NO;
				CLANG_CXX_LANGUAGE_STANDARD = "gnu++0x";
				CLANG_CXX_LIBRARY = "libc++";
				CLANG_ENABLE_MODULES = YES;
				CLANG_ENABLE_OBJC_ARC = YES;
				CLANG_WARN_BOOL_CONVERSION = YES;
				CLANG_WARN_CONSTANT_CONVERSION = YES;
				CLANG_WARN_DIRECT_OBJC_ISA_USAGE = YES_ERROR;
				CLANG_WARN_EMPTY_BODY = YES;
				CLANG_WARN_ENUM_CONVERSION = YES;
				CLANG_WARN_INT_CONVERSION = YES;
				CLANG_WARN_OBJC_ROOT_CLASS = YES_ERROR;
				CLANG_WARN_UNREACHABLE_CODE = YES;
				CLANG_WARN__DUPLICATE_METHOD_MATCH = YES;
				"CODE_SIGN_IDENTITY[sdk=iphoneos*]" = "iPhone Developer";
				COPY_PHASE_STRIP = NO;
				ENABLE_STRICT_OBJC_MSGSEND = YES;
				GCC_C_LANGUAGE_STANDARD = gnu99;
				GCC_DYNAMIC_NO_PIC = NO;
				GCC_OPTIMIZATION_LEVEL = 0;
				GCC_PREPROCESSOR_DEFINITIONS = (
					"DEBUG=1",
					"$(inherited)",
				);
				GCC_SYMBOLS_PRIVATE_EXTERN = NO;
				GCC_WARN_64_TO_32_BIT_CONVERSION = YES;
				GCC_WARN_ABOUT_RETURN_TYPE = YES_ERROR;
				GCC_WARN_UNDECLARED_SELECTOR = YES;
				GCC_WARN_UNINITIALIZED_AUTOS = YES_AGGRESSIVE;
				GCC_WARN_UNUSED_FUNCTION = YES;
				GCC_WARN_UNUSED_VARIABLE = YES;
				IPHONEOS_DEPLOYMENT_TARGET = 8.1;
				MTL_ENABLE_DEBUG_INFO = YES;
				ONLY_ACTIVE_ARCH = YES;
				SDKROOT = iphoneos;
				TARGETED_DEVICE_FAMILY = "1,2";
			};
			name = Debug;
		};
		D909F0451AC8F42C004031F5 /* Release */ = {
			isa = XCBuildConfiguration;
			buildSettings = {
				ALWAYS_SEARCH_USER_PATHS = NO;
				CLANG_CXX_LANGUAGE_STANDARD = "gnu++0x";
				CLANG_CXX_LIBRARY = "libc++";
				CLANG_ENABLE_MODULES = YES;
				CLANG_ENABLE_OBJC_ARC = YES;
				CLANG_WARN_BOOL_CONVERSION = YES;
				CLANG_WARN_CONSTANT_CONVERSION = YES;
				CLANG_WARN_DIRECT_OBJC_ISA_USAGE = YES_ERROR;
				CLANG_WARN_EMPTY_BODY = YES;
				CLANG_WARN_ENUM_CONVERSION = YES;
				CLANG_WARN_INT_CONVERSION = YES;
				CLANG_WARN_OBJC_ROOT_CLASS = YES_ERROR;
				CLANG_WARN_UNREACHABLE_CODE = YES;
				CLANG_WARN__DUPLICATE_METHOD_MATCH = YES;
				"CODE_SIGN_IDENTITY[sdk=iphoneos*]" = "iPhone Developer";
				COPY_PHASE_STRIP = YES;
				ENABLE_NS_ASSERTIONS = NO;
				ENABLE_STRICT_OBJC_MSGSEND = YES;
				GCC_C_LANGUAGE_STANDARD = gnu99;
				GCC_WARN_64_TO_32_BIT_CONVERSION = YES;
				GCC_WARN_ABOUT_RETURN_TYPE = YES_ERROR;
				GCC_WARN_UNDECLARED_SELECTOR = YES;
				GCC_WARN_UNINITIALIZED_AUTOS = YES_AGGRESSIVE;
				GCC_WARN_UNUSED_FUNCTION = YES;
				GCC_WARN_UNUSED_VARIABLE = YES;
				IPHONEOS_DEPLOYMENT_TARGET = 8.1;
				MTL_ENABLE_DEBUG_INFO = NO;
				SDKROOT = iphoneos;
				TARGETED_DEVICE_FAMILY = "1,2";
				VALIDATE_PRODUCT = YES;
			};
			name = Release;
		};
		D909F0471AC8F42C004031F5 /* Debug */ = {
			isa = XCBuildConfiguration;
			buildSettings = {
				ASSETCATALOG_COMPILER_APPICON_NAME = AppIcon;
				INFOPLIST_FILE = camera/Info.plist;
				IPHONEOS_DEPLOYMENT_TARGET = 7.0;
				LD_RUNPATH_SEARCH_PATHS = "$(inherited) @executable_path/Frameworks";
				PRODUCT_NAME = "$(TARGET_NAME)";
			};
			name = Debug;
		};
		D909F0481AC8F42C004031F5 /* Release */ = {
			isa = XCBuildConfiguration;
			buildSettings = {
				ASSETCATALOG_COMPILER_APPICON_NAME = AppIcon;
				INFOPLIST_FILE = camera/Info.plist;
				IPHONEOS_DEPLOYMENT_TARGET = 7.0;
				LD_RUNPATH_SEARCH_PATHS = "$(inherited) @executable_path/Frameworks";
				PRODUCT_NAME = "$(TARGET_NAME)";
			};
			name = Release;
		};
		D909F04A1AC8F42C004031F5 /* Debug */ = {
			isa = XCBuildConfiguration;
			buildSettings = {
				BUNDLE_LOADER = "$(TEST_HOST)";
				FRAMEWORK_SEARCH_PATHS = (
					"$(SDKROOT)/Developer/Library/Frameworks",
					"$(inherited)",
				);
				GCC_PREPROCESSOR_DEFINITIONS = (
					"DEBUG=1",
					"$(inherited)",
				);
				INFOPLIST_FILE = cameraTests/Info.plist;
				LD_RUNPATH_SEARCH_PATHS = "$(inherited) @executable_path/Frameworks @loader_path/Frameworks";
				PRODUCT_NAME = "$(TARGET_NAME)";
				TEST_HOST = "$(BUILT_PRODUCTS_DIR)/camera.app/camera";
			};
			name = Debug;
		};
		D909F04B1AC8F42C004031F5 /* Release */ = {
			isa = XCBuildConfiguration;
			buildSettings = {
				BUNDLE_LOADER = "$(TEST_HOST)";
				FRAMEWORK_SEARCH_PATHS = (
					"$(SDKROOT)/Developer/Library/Frameworks",
					"$(inherited)",
				);
				INFOPLIST_FILE = cameraTests/Info.plist;
				LD_RUNPATH_SEARCH_PATHS = "$(inherited) @executable_path/Frameworks @loader_path/Frameworks";
				PRODUCT_NAME = "$(TARGET_NAME)";
				TEST_HOST = "$(BUILT_PRODUCTS_DIR)/camera.app/camera";
			};
			name = Release;
		};
/* End XCBuildConfiguration section */

/* Begin XCConfigurationList section */
		D909F01E1AC8F42B004031F5 /* Build configuration list for PBXProject "camera" */ = {
			isa = XCConfigurationList;
			buildConfigurations = (
				D909F0441AC8F42C004031F5 /* Debug */,
				D909F0451AC8F42C004031F5 /* Release */,
			);
			defaultConfigurationIsVisible = 0;
			defaultConfigurationName = Release;
		};
		D909F0461AC8F42C004031F5 /* Build configuration list for PBXNativeTarget "camera" */ = {
			isa = XCConfigurationList;
			buildConfigurations = (
				D909F0471AC8F42C004031F5 /* Debug */,
				D909F0481AC8F42C004031F5 /* Release */,
			);
			defaultConfigurationIsVisible = 0;
		};
		D909F0491AC8F42C004031F5 /* Build configuration list for PBXNativeTarget "cameraTests" */ = {
			isa = XCConfigurationList;
			buildConfigurations = (
				D909F04A1AC8F42C004031F5 /* Debug */,
				D909F04B1AC8F42C004031F5 /* Release */,
			);
			defaultConfigurationIsVisible = 0;
		};
/* End XCConfigurationList section */
	};
	rootObject = D909F01B1AC8F42B004031F5 /* Project object */;
}
